# THIS IS AN AUTOGENERATED FILE. DO NOT EDIT THIS FILE DIRECTLY.
# yarn lockfile v1


"@types/prop-types@*":
  version "15.5.6"
  resolved "https://registry.yarnpkg.com/@types/prop-types/-/prop-types-15.5.6.tgz#9c03d3fed70a8d517c191b7734da2879b50ca26c"
  integrity sha512-ZBFR7TROLVzCkswA3Fmqq+IIJt62/T7aY/Dmz+QkU7CaW2QFqAitCE8Ups7IzmGhcN1YWMBT4Qcoc07jU9hOJQ==

"@types/react@^16.4.16":
  version "16.4.16"
  resolved "https://registry.yarnpkg.com/@types/react/-/react-16.4.16.tgz#99f91b1200ae8c2062030402006d3b3c3a177043"
  integrity sha512-lxyoipLWweAnLnSsV4Ho2NAZTKKmxeYgkTQ6PaDiPDU9JJBUY2zJVVGiK1smzYv8+ZgbqEmcm5xM74GCpunSEA==
  dependencies:
    "@types/prop-types" "*"
    csstype "^2.2.0"

csstype@^2.2.0:
  version "2.5.5"
  resolved "https://registry.yarnpkg.com/csstype/-/csstype-2.5.5.tgz#4125484a3d42189a863943f23b9e4b80fedfa106"
  integrity sha512-EGMjeoiN3aqEX5u/cyH5mSdGBDGdLcCQvcEcBWNGFSPXKd9uOTIeVG91YQ22OxI44DKpvI+4C7VUSmEpsHWJaA==

framer@^1.0.6:
  version "1.0.6"
  resolved "https://registry.yarnpkg.com/framer/-/framer-1.0.6.tgz#c9d3f4e368f2e73777e5c12824305df327e3043b"
  integrity sha512-b7R8JS04ixiv75Sl3WXYhMAPnWnBiWKMoQY1xdD5UahIJ3GdrAFcIkp5qzD51VkbDEpdW6Sd3ZIs7jJ3t8ZL3g==
  dependencies:
    style-value-types "^3.1.4"

hey-listen@^1.0.8:
  version "1.0.8"
  resolved "https://registry.yarnpkg.com/hey-listen/-/hey-listen-1.0.8.tgz#8e59561ff724908de1aa924ed6ecc84a56a9aa68"
  integrity sha512-COpmrF2NOg4TBWUJ5UVyaCU2A88wEMkUPK4hNqyCkqHbxT92BbvfjoSozkAIIm6XhicGlJHhFdullInrdhwU8Q==

style-value-types@^3.1.4:
  version "3.1.4"
  resolved "https://registry.yarnpkg.com/style-value-types/-/style-value-types-3.1.4.tgz#8c0959d26405eb0cbad40097b496220d41c22169"
  integrity sha512-jHxRZWQpx6imY+QIveHTZwGOJWJqX3Cmt6Yk1zCGeQjk4noEsX+lfvFJUmRPpZL3VTrfGrHtjVWTcvcHx/OFhQ==
  dependencies:
    hey-listen "^1.0.8"
